{
    "name": "grainient.",
    "version": "1.0.3",
    "lockfileVersion": 3,
    "requires": true,
    "packages": {
        "": {
            "name": "grainient.",
            "version": "1.0.3",
            "license": "MIT",
            "dependencies": {
                "grainient.": "^1.0.0"
            }
        },
        "node_modules/grainient.": {
            "version": "1.0.0",
            "resolved": "https://registry.npmjs.org/grainient./-/grainient.-1.0.0.tgz",
            "integrity": "sha512-HNXZwqlBFk6Cz75nPOY3b3MTrcYmLWJMIcKf83MWqbh47JOm+XGMLnAaUszdju8z0d7iF3SlgEbFqZ5iRYWpMg=="
        }
    }
}
